
Microsoft Visual Studio Solution File, Format Version 12.00
# Visual Studio Version 16
VisualStudioVersion = 16.0.29613.14
MinimumVisualStudioVersion = 10.0.40219.1
Project("{9A19103F-16F7-4668-BE54-9A1E7A4F7556}") = "Kuna.Net", "Kuna.Net\Kuna.Net.csproj", "{03156530-1770-4B98-8CBF-DF541B7DB393}"
EndProject
Project("{FAE04EC0-301F-11D3-BF4B-00C04F79EFBC}") = "Kuna.Net.SampleApp", "Kuna.Net.SampleApp\Kuna.Net.SampleApp.csproj", "{452B1BB2-62AC-4AC8-822B-C3AEC89BA14B}"
EndProject
Project("{FAE04EC0-301F-11D3-BF4B-00C04F79EFBC}") = "ConsoleApp1", "ConsoleApp1\ConsoleApp1.csproj", "{5945FF9F-96EB-433F-B489-2C63ACEE1A26}"
EndProject
Project("{FAE04EC0-301F-11D3-BF4B-00C04F79EFBC}") = "ConsoleApp2", "ConsoleApp2\ConsoleApp2.csproj", "{BEDD7721-6C4B-4D82-95AC-05ABA7095A5F}"
EndProject
Global
	GlobalSection(SolutionConfigurationPlatforms) = preSolution
		Debug|Any CPU = Debug|Any CPU
		Release|Any CPU = Release|Any CPU
	EndGlobalSection
	GlobalSection(ProjectConfigurationPlatforms) = postSolution
		{03156530-1770-4B98-8CBF-DF541B7DB393}.Debug|Any CPU.ActiveCfg = Debug|Any CPU
		{03156530-1770-4B98-8CBF-DF541B7DB393}.Debug|Any CPU.Build.0 = Debug|Any CPU
		{03156530-1770-4B98-8CBF-DF541B7DB393}.Release|Any CPU.ActiveCfg = Release|Any CPU
		{03156530-1770-4B98-8CBF-DF541B7DB393}.Release|Any CPU.Build.0 = Release|Any CPU
		{452B1BB2-62AC-4AC8-822B-C3AEC89BA14B}.Debug|Any CPU.ActiveCfg = Debug|Any CPU
		{452B1BB2-62AC-4AC8-822B-C3AEC89BA14B}.Debug|Any CPU.Build.0 = Debug|Any CPU
		{452B1BB2-62AC-4AC8-822B-C3AEC89BA14B}.Release|Any CPU.ActiveCfg = Release|Any CPU
		{452B1BB2-62AC-4AC8-822B-C3AEC89BA14B}.Release|Any CPU.Build.0 = Release|Any CPU
		{5945FF9F-96EB-433F-B489-2C63ACEE1A26}.Debug|Any CPU.ActiveCfg = Debug|Any CPU
		{5945FF9F-96EB-433F-B489-2C63ACEE1A26}.Debug|Any CPU.Build.0 = Debug|Any CPU
		{5945FF9F-96EB-433F-B489-2C63ACEE1A26}.Release|Any CPU.ActiveCfg = Release|Any CPU
		{5945FF9F-96EB-433F-B489-2C63ACEE1A26}.Release|Any CPU.Build.0 = Release|Any CPU
		{BEDD7721-6C4B-4D82-95AC-05ABA7095A5F}.Debug|Any CPU.ActiveCfg = Debug|Any CPU
		{BEDD7721-6C4B-4D82-95AC-05ABA7095A5F}.Debug|Any CPU.Build.0 = Debug|Any CPU
		{BEDD7721-6C4B-4D82-95AC-05ABA7095A5F}.Release|Any CPU.ActiveCfg = Release|Any CPU
		{BEDD7721-6C4B-4D82-95AC-05ABA7095A5F}.Release|Any CPU.Build.0 = Release|Any CPU
	EndGlobalSection
	GlobalSection(SolutionProperties) = preSolution
		HideSolutionNode = FALSE
	EndGlobalSection
	GlobalSection(ExtensibilityGlobals) = postSolution
		SolutionGuid = {1A3E373E-EEF0-4589-BD50-2AC2FD2E1FFB}
	EndGlobalSection
EndGlobal
